// !$*UTF8*$!
{
	archiveVersion = 1;
	classes = {
	};
	objectVersion = 51;
	objects = {

/* Begin PBXBuildFile section */
		39007F2C27080D8200E7143E /* UIViewController+Extension.swift in Sources */ = {isa = PBXBuildFile; fileRef = 39007F2B27080D8200E7143E /* UIViewController+Extension.swift */; };
		390515B82706CEBB00C5F7A5 /* Colors.xcassets in Resources */ = {isa = PBXBuildFile; fileRef = 390515B72706CEBB00C5F7A5 /* Colors.xcassets */; };
		3909242F26FA15E800236C51 /* UIView+Extension.swift in Sources */ = {isa = PBXBuildFile; fileRef = 3909242E26FA15E800236C51 /* UIView+Extension.swift */; };
		39488E352706E17200BDC917 /* UIAlertController+Extension.swift in Sources */ = {isa = PBXBuildFile; fileRef = 39488E342706E17200BDC917 /* UIAlertController+Extension.swift */; };
		394F314C27081B3A00C83291 /* FrontViewController.swift in Sources */ = {isa = PBXBuildFile; fileRef = 394F314B27081B3A00C83291 /* FrontViewController.swift */; };
		394F314F27081B4C00C83291 /* Front.storyboard in Resources */ = {isa = PBXBuildFile; fileRef = 394F314E27081B4C00C83291 /* Front.storyboard */; };
		39523E09270184A700536900 /* CardListViewController.swift in Sources */ = {isa = PBXBuildFile; fileRef = 39523E08270184A700536900 /* CardListViewController.swift */; };
		39523E0B270184B100536900 /* CardList.storyboard in Resources */ = {isa = PBXBuildFile; fileRef = 39523E0A270184B100536900 /* CardList.storyboard */; };
		39523E5B2701A48900536900 /* CardListTableViewCell.swift in Sources */ = {isa = PBXBuildFile; fileRef = 39523E592701A48900536900 /* CardListTableViewCell.swift */; };
		39523E5C2701A48900536900 /* CardListTableViewCell.xib in Resources */ = {isa = PBXBuildFile; fileRef = 39523E5A2701A48900536900 /* CardListTableViewCell.xib */; };
		39523E5F2701AA9000536900 /* CardListDataModel.swift in Sources */ = {isa = PBXBuildFile; fileRef = 39523E5E2701AA9000536900 /* CardListDataModel.swift */; };
		3958F239270FFBBF00B100B2 /* GroupViewController.swift in Sources */ = {isa = PBXBuildFile; fileRef = 3958F238270FFBBF00B100B2 /* GroupViewController.swift */; };
		3958F23C270FFBD500B100B2 /* Group.storyboard in Resources */ = {isa = PBXBuildFile; fileRef = 3958F23B270FFBD500B100B2 /* Group.storyboard */; };
		3979709626FA0BE5003FB4F5 /* LoginViewController.swift in Sources */ = {isa = PBXBuildFile; fileRef = 3979709526FA0BE5003FB4F5 /* LoginViewController.swift */; };
		3979709826FA0BF0003FB4F5 /* Login.storyboard in Resources */ = {isa = PBXBuildFile; fileRef = 3979709726FA0BF0003FB4F5 /* Login.storyboard */; };
		399C55D72711921100845A54 /* CustomTabBarButton.swift in Sources */ = {isa = PBXBuildFile; fileRef = 399C55D62711921100845A54 /* CustomTabBarButton.swift */; };
		399C55D92711924500845A54 /* CustomTabBar.swift in Sources */ = {isa = PBXBuildFile; fileRef = 399C55D82711924500845A54 /* CustomTabBar.swift */; };
		399C55DB2711927900845A54 /* CustomTabBarController.swift in Sources */ = {isa = PBXBuildFile; fileRef = 399C55DA2711927900845A54 /* CustomTabBarController.swift */; };
		399C55DD271192D000845A54 /* CustomTabIndicatorView.swift in Sources */ = {isa = PBXBuildFile; fileRef = 399C55DC271192D000845A54 /* CustomTabIndicatorView.swift */; };
		399C55DF2711949D00845A54 /* CGPoint+Distance.swift in Sources */ = {isa = PBXBuildFile; fileRef = 399C55DE2711949D00845A54 /* CGPoint+Distance.swift */; };
		399C55E12711C21800845A54 /* CustomTabBar.storyboard in Resources */ = {isa = PBXBuildFile; fileRef = 399C55E02711C21800845A54 /* CustomTabBar.storyboard */; };
		39C1E88F270EC762006D2089 /* UIColor+Extension.swift in Sources */ = {isa = PBXBuildFile; fileRef = 39C1E88E270EC762006D2089 /* UIColor+Extension.swift */; };
		39D2E130270B43DA00AD0889 /* UIFont+Extension.swift in Sources */ = {isa = PBXBuildFile; fileRef = 39D2E12F270B43DA00AD0889 /* UIFont+Extension.swift */; };
		39F5A3D0271461EA00191F94 /* BackCardCell.swift in Sources */ = {isa = PBXBuildFile; fileRef = 39F5A3CE271461EA00191F94 /* BackCardCell.swift */; };
		39F5A3D1271461EA00191F94 /* BackCardCell.xib in Resources */ = {isa = PBXBuildFile; fileRef = 39F5A3CF271461EA00191F94 /* BackCardCell.xib */; };
		777FF89B27359B7800BF69D3 /* Groups.swift in Sources */ = {isa = PBXBuildFile; fileRef = 777FF89A27359B7800BF69D3 /* Groups.swift */; };
		777FF89D2735B16B00BF69D3 /* GroupAddRequest.swift in Sources */ = {isa = PBXBuildFile; fileRef = 777FF89C2735B16B00BF69D3 /* GroupAddRequest.swift */; };
		777FF89F27364B7B00BF69D3 /* GroupEditRequest.swift in Sources */ = {isa = PBXBuildFile; fileRef = 777FF89E27364B7B00BF69D3 /* GroupEditRequest.swift */; };
		77AA68EA273E0EC4009C89B0 /* CardAddInGroupRequest.swift in Sources */ = {isa = PBXBuildFile; fileRef = 77AA68E9273E0EC4009C89B0 /* CardAddInGroupRequest.swift */; };
		77AA68EC273E202D009C89B0 /* CardListRequest.swift in Sources */ = {isa = PBXBuildFile; fileRef = 77AA68EB273E202D009C89B0 /* CardListRequest.swift */; };
		DBBB91E1639641F40C5B4416 /* Pods_NADA_iOS_forRelease.framework in Frameworks */ = {isa = PBXBuildFile; fileRef = 4A2183AE0E469153221624A0 /* Pods_NADA_iOS_forRelease.framework */; };
		F811720027383097002742CF /* ChangeGroupRequest.swift in Sources */ = {isa = PBXBuildFile; fileRef = F81171FF27383097002742CF /* ChangeGroupRequest.swift */; };
		F822E7A92709CEB60020452C /* Notification.swift in Sources */ = {isa = PBXBuildFile; fileRef = F822E7A82709CEB60020452C /* Notification.swift */; };
		F82FF81D2701EBCE00E57F8B /* CardCreation.storyboard in Resources */ = {isa = PBXBuildFile; fileRef = F82FF81C2701EBCE00E57F8B /* CardCreation.storyboard */; };
		F82FF8252702000000E57F8B /* RequiredFlavorCollectionViewCell.swift in Sources */ = {isa = PBXBuildFile; fileRef = F82FF8232702000000E57F8B /* RequiredFlavorCollectionViewCell.swift */; };
		F82FF8262702000000E57F8B /* RequiredFlavorCollectionViewCell.xib in Resources */ = {isa = PBXBuildFile; fileRef = F82FF8242702000000E57F8B /* RequiredFlavorCollectionViewCell.xib */; };
		F83206AA26F61E3700D61711 /* FrontCardCell.swift in Sources */ = {isa = PBXBuildFile; fileRef = F83206A826F61E3700D61711 /* FrontCardCell.swift */; };
		F83206AB26F61E3700D61711 /* FrontCardCell.xib in Resources */ = {isa = PBXBuildFile; fileRef = F83206A926F61E3700D61711 /* FrontCardCell.xib */; };
		F84BAF9D26FDB417004CA335 /* CardCreationViewController.swift in Sources */ = {isa = PBXBuildFile; fileRef = F84BAF9C26FDB417004CA335 /* CardCreationViewController.swift */; };
		F84BAFAD26FDB543004CA335 /* FrontCardCreationCollectionViewCell.swift in Sources */ = {isa = PBXBuildFile; fileRef = F84BAFAB26FDB543004CA335 /* FrontCardCreationCollectionViewCell.swift */; };
		F84BAFAE26FDB543004CA335 /* FrontCardCreationCollectionViewCell.xib in Resources */ = {isa = PBXBuildFile; fileRef = F84BAFAC26FDB543004CA335 /* FrontCardCreationCollectionViewCell.xib */; };
		F84BAFB126FDB552004CA335 /* BackCardCreationCollectionViewCell.swift in Sources */ = {isa = PBXBuildFile; fileRef = F84BAFAF26FDB552004CA335 /* BackCardCreationCollectionViewCell.swift */; };
		F84BAFB226FDB552004CA335 /* BackCardCreationCollectionViewCell.xib in Resources */ = {isa = PBXBuildFile; fileRef = F84BAFB026FDB552004CA335 /* BackCardCreationCollectionViewCell.xib */; };
		F858079E2700354E00872484 /* BackgroundCollectionViewCell.swift in Sources */ = {isa = PBXBuildFile; fileRef = F858079C2700354E00872484 /* BackgroundCollectionViewCell.swift */; };
		F858079F2700354E00872484 /* BackgroundCollectionViewCell.xib in Resources */ = {isa = PBXBuildFile; fileRef = F858079D2700354E00872484 /* BackgroundCollectionViewCell.xib */; };
		F87122762733046300A24E74 /* Card.swift in Sources */ = {isa = PBXBuildFile; fileRef = F87122752733046300A24E74 /* Card.swift */; };
		F871227827330A3800A24E74 /* CardCreationRequest.swift in Sources */ = {isa = PBXBuildFile; fileRef = F871227727330A3800A24E74 /* CardCreationRequest.swift */; };
		F8C83FAE272F99940009DF0D /* MoyaLoggerPlugin.swift in Sources */ = {isa = PBXBuildFile; fileRef = F8C83FAD272F99940009DF0D /* MoyaLoggerPlugin.swift */; };
		F8C83FB6272F9E380009DF0D /* UtilService.swift in Sources */ = {isa = PBXBuildFile; fileRef = F8C83FB5272F9E380009DF0D /* UtilService.swift */; };
		F8C83FB8272F9E3F0009DF0D /* UtilAPI.swift in Sources */ = {isa = PBXBuildFile; fileRef = F8C83FB7272F9E3F0009DF0D /* UtilAPI.swift */; };
		F8C83FBB272F9F370009DF0D /* NetworkResult.swift in Sources */ = {isa = PBXBuildFile; fileRef = F8C83FBA272F9F370009DF0D /* NetworkResult.swift */; };
		F8C83FBD272F9F430009DF0D /* GenericResponse.swift in Sources */ = {isa = PBXBuildFile; fileRef = F8C83FBC272F9F430009DF0D /* GenericResponse.swift */; };
		F8C83FBF272FA0670009DF0D /* UserSevice.swift in Sources */ = {isa = PBXBuildFile; fileRef = F8C83FBE272FA0670009DF0D /* UserSevice.swift */; };
		F8C83FC1272FA06E0009DF0D /* UserAPI.swift in Sources */ = {isa = PBXBuildFile; fileRef = F8C83FC0272FA06E0009DF0D /* UserAPI.swift */; };
		F8C83FC3272FA17B0009DF0D /* URL.swift in Sources */ = {isa = PBXBuildFile; fileRef = F8C83FC2272FA17B0009DF0D /* URL.swift */; };
		F8C83FC5272FA2940009DF0D /* CardAPI.swift in Sources */ = {isa = PBXBuildFile; fileRef = F8C83FC4272FA2940009DF0D /* CardAPI.swift */; };
		F8C83FC7272FA2A20009DF0D /* CardService.swift in Sources */ = {isa = PBXBuildFile; fileRef = F8C83FC6272FA2A20009DF0D /* CardService.swift */; };
		F8C83FC9272FA3190009DF0D /* GroupAPI.swift in Sources */ = {isa = PBXBuildFile; fileRef = F8C83FC8272FA3190009DF0D /* GroupAPI.swift */; };
		F8C83FCB272FA32C0009DF0D /* GroupService.swift in Sources */ = {isa = PBXBuildFile; fileRef = F8C83FCA272FA32C0009DF0D /* GroupService.swift */; };
		F8F5D0AA270800FD00D99D2E /* Xib.swift in Sources */ = {isa = PBXBuildFile; fileRef = F8F5D0A9270800FD00D99D2E /* Xib.swift */; };
		F8FC438626C01CDD0033E151 /* AppDelegate.swift in Sources */ = {isa = PBXBuildFile; fileRef = F8FC438526C01CDD0033E151 /* AppDelegate.swift */; };
		F8FC438826C01CDD0033E151 /* SceneDelegate.swift in Sources */ = {isa = PBXBuildFile; fileRef = F8FC438726C01CDD0033E151 /* SceneDelegate.swift */; };
		F8FC438F26C01CDE0033E151 /* Assets.xcassets in Resources */ = {isa = PBXBuildFile; fileRef = F8FC438E26C01CDE0033E151 /* Assets.xcassets */; };
		F8FC439226C01CDE0033E151 /* LaunchScreen.storyboard in Resources */ = {isa = PBXBuildFile; fileRef = F8FC439026C01CDE0033E151 /* LaunchScreen.storyboard */; };
		F8FC43AD26C020940033E151 /* TempClass.swift in Sources */ = {isa = PBXBuildFile; fileRef = F8FC43AC26C020940033E151 /* TempClass.swift */; };
		F8FC43B326C020B90033E151 /* TempProtocols.swift in Sources */ = {isa = PBXBuildFile; fileRef = F8FC43B226C020B90033E151 /* TempProtocols.swift */; };
		F8FC43B526C020C10033E151 /* TempViews.swift in Sources */ = {isa = PBXBuildFile; fileRef = F8FC43B426C020C10033E151 /* TempViews.swift */; };
		F8FC43B826C0227D0033E151 /* Const.swift in Sources */ = {isa = PBXBuildFile; fileRef = F8FC43B726C0227D0033E151 /* Const.swift */; };
		F8FC43BA26C022900033E151 /* ViewController.swift in Sources */ = {isa = PBXBuildFile; fileRef = F8FC43B926C022900033E151 /* ViewController.swift */; };
		F8FC43BC26C022A20033E151 /* Storyboard.swift in Sources */ = {isa = PBXBuildFile; fileRef = F8FC43BB26C022A20033E151 /* Storyboard.swift */; };
		F8FC43BF26C025180033E151 /* .swiftlint.yml in Resources */ = {isa = PBXBuildFile; fileRef = F8FC43BE26C025180033E151 /* .swiftlint.yml */; };
/* End PBXBuildFile section */

/* Begin PBXFileReference section */
		1E770167DDA25A2CE063AA5C /* Pods-NADA-iOS-forRelease.release.xcconfig */ = {isa = PBXFileReference; includeInIndex = 1; lastKnownFileType = text.xcconfig; name = "Pods-NADA-iOS-forRelease.release.xcconfig"; path = "Target Support Files/Pods-NADA-iOS-forRelease/Pods-NADA-iOS-forRelease.release.xcconfig"; sourceTree = "<group>"; };
		39007F2B27080D8200E7143E /* UIViewController+Extension.swift */ = {isa = PBXFileReference; lastKnownFileType = sourcecode.swift; path = "UIViewController+Extension.swift"; sourceTree = "<group>"; };
		390515B72706CEBB00C5F7A5 /* Colors.xcassets */ = {isa = PBXFileReference; lastKnownFileType = folder.assetcatalog; path = Colors.xcassets; sourceTree = "<group>"; };
		3909242E26FA15E800236C51 /* UIView+Extension.swift */ = {isa = PBXFileReference; lastKnownFileType = sourcecode.swift; path = "UIView+Extension.swift"; sourceTree = "<group>"; };
		39488E342706E17200BDC917 /* UIAlertController+Extension.swift */ = {isa = PBXFileReference; lastKnownFileType = sourcecode.swift; path = "UIAlertController+Extension.swift"; sourceTree = "<group>"; };
		394F314B27081B3A00C83291 /* FrontViewController.swift */ = {isa = PBXFileReference; lastKnownFileType = sourcecode.swift; path = FrontViewController.swift; sourceTree = "<group>"; };
		394F314E27081B4C00C83291 /* Front.storyboard */ = {isa = PBXFileReference; lastKnownFileType = file.storyboard; path = Front.storyboard; sourceTree = "<group>"; };
		39523E08270184A700536900 /* CardListViewController.swift */ = {isa = PBXFileReference; lastKnownFileType = sourcecode.swift; path = CardListViewController.swift; sourceTree = "<group>"; };
		39523E0A270184B100536900 /* CardList.storyboard */ = {isa = PBXFileReference; lastKnownFileType = file.storyboard; path = CardList.storyboard; sourceTree = "<group>"; };
		39523E592701A48900536900 /* CardListTableViewCell.swift */ = {isa = PBXFileReference; lastKnownFileType = sourcecode.swift; path = CardListTableViewCell.swift; sourceTree = "<group>"; };
		39523E5A2701A48900536900 /* CardListTableViewCell.xib */ = {isa = PBXFileReference; lastKnownFileType = file.xib; path = CardListTableViewCell.xib; sourceTree = "<group>"; };
		39523E5E2701AA9000536900 /* CardListDataModel.swift */ = {isa = PBXFileReference; lastKnownFileType = sourcecode.swift; path = CardListDataModel.swift; sourceTree = "<group>"; };
		3958F238270FFBBF00B100B2 /* GroupViewController.swift */ = {isa = PBXFileReference; lastKnownFileType = sourcecode.swift; path = GroupViewController.swift; sourceTree = "<group>"; };
		3958F23B270FFBD500B100B2 /* Group.storyboard */ = {isa = PBXFileReference; lastKnownFileType = file.storyboard; path = Group.storyboard; sourceTree = "<group>"; };
		3979709526FA0BE5003FB4F5 /* LoginViewController.swift */ = {isa = PBXFileReference; lastKnownFileType = sourcecode.swift; path = LoginViewController.swift; sourceTree = "<group>"; };
		3979709726FA0BF0003FB4F5 /* Login.storyboard */ = {isa = PBXFileReference; lastKnownFileType = file.storyboard; path = Login.storyboard; sourceTree = "<group>"; };
		399C55D62711921100845A54 /* CustomTabBarButton.swift */ = {isa = PBXFileReference; lastKnownFileType = sourcecode.swift; path = CustomTabBarButton.swift; sourceTree = "<group>"; };
		399C55D82711924500845A54 /* CustomTabBar.swift */ = {isa = PBXFileReference; lastKnownFileType = sourcecode.swift; path = CustomTabBar.swift; sourceTree = "<group>"; };
		399C55DA2711927900845A54 /* CustomTabBarController.swift */ = {isa = PBXFileReference; lastKnownFileType = sourcecode.swift; path = CustomTabBarController.swift; sourceTree = "<group>"; };
		399C55DC271192D000845A54 /* CustomTabIndicatorView.swift */ = {isa = PBXFileReference; lastKnownFileType = sourcecode.swift; path = CustomTabIndicatorView.swift; sourceTree = "<group>"; };
		399C55DE2711949D00845A54 /* CGPoint+Distance.swift */ = {isa = PBXFileReference; lastKnownFileType = sourcecode.swift; path = "CGPoint+Distance.swift"; sourceTree = "<group>"; };
		399C55E02711C21800845A54 /* CustomTabBar.storyboard */ = {isa = PBXFileReference; lastKnownFileType = file.storyboard; path = CustomTabBar.storyboard; sourceTree = "<group>"; };
		39C1E88E270EC762006D2089 /* UIColor+Extension.swift */ = {isa = PBXFileReference; lastKnownFileType = sourcecode.swift; path = "UIColor+Extension.swift"; sourceTree = "<group>"; };
		39D2E12F270B43DA00AD0889 /* UIFont+Extension.swift */ = {isa = PBXFileReference; lastKnownFileType = sourcecode.swift; path = "UIFont+Extension.swift"; sourceTree = "<group>"; };
		39F5A3CE271461EA00191F94 /* BackCardCell.swift */ = {isa = PBXFileReference; lastKnownFileType = sourcecode.swift; path = BackCardCell.swift; sourceTree = "<group>"; };
		39F5A3CF271461EA00191F94 /* BackCardCell.xib */ = {isa = PBXFileReference; lastKnownFileType = file.xib; path = BackCardCell.xib; sourceTree = "<group>"; };
		4A2183AE0E469153221624A0 /* Pods_NADA_iOS_forRelease.framework */ = {isa = PBXFileReference; explicitFileType = wrapper.framework; includeInIndex = 0; path = Pods_NADA_iOS_forRelease.framework; sourceTree = BUILT_PRODUCTS_DIR; };
		777FF89A27359B7800BF69D3 /* Groups.swift */ = {isa = PBXFileReference; lastKnownFileType = sourcecode.swift; path = Groups.swift; sourceTree = "<group>"; };
		777FF89C2735B16B00BF69D3 /* GroupAddRequest.swift */ = {isa = PBXFileReference; lastKnownFileType = sourcecode.swift; path = GroupAddRequest.swift; sourceTree = "<group>"; };
		777FF89E27364B7B00BF69D3 /* GroupEditRequest.swift */ = {isa = PBXFileReference; lastKnownFileType = sourcecode.swift; path = GroupEditRequest.swift; sourceTree = "<group>"; };
		77AA68E9273E0EC4009C89B0 /* CardAddInGroupRequest.swift */ = {isa = PBXFileReference; lastKnownFileType = sourcecode.swift; path = CardAddInGroupRequest.swift; sourceTree = "<group>"; };
		77AA68EB273E202D009C89B0 /* CardListRequest.swift */ = {isa = PBXFileReference; lastKnownFileType = sourcecode.swift; path = CardListRequest.swift; sourceTree = "<group>"; };
		7F4EE1D042EC783FA8528743 /* Pods-NADA-iOS-forRelease.debug.xcconfig */ = {isa = PBXFileReference; includeInIndex = 1; lastKnownFileType = text.xcconfig; name = "Pods-NADA-iOS-forRelease.debug.xcconfig"; path = "Target Support Files/Pods-NADA-iOS-forRelease/Pods-NADA-iOS-forRelease.debug.xcconfig"; sourceTree = "<group>"; };
		F81171FF27383097002742CF /* ChangeGroupRequest.swift */ = {isa = PBXFileReference; lastKnownFileType = sourcecode.swift; path = ChangeGroupRequest.swift; sourceTree = "<group>"; };
		F822E7A82709CEB60020452C /* Notification.swift */ = {isa = PBXFileReference; lastKnownFileType = sourcecode.swift; path = Notification.swift; sourceTree = "<group>"; };
		F82FF81C2701EBCE00E57F8B /* CardCreation.storyboard */ = {isa = PBXFileReference; lastKnownFileType = file.storyboard; path = CardCreation.storyboard; sourceTree = "<group>"; };
		F82FF8232702000000E57F8B /* RequiredFlavorCollectionViewCell.swift */ = {isa = PBXFileReference; lastKnownFileType = sourcecode.swift; path = RequiredFlavorCollectionViewCell.swift; sourceTree = "<group>"; };
		F82FF8242702000000E57F8B /* RequiredFlavorCollectionViewCell.xib */ = {isa = PBXFileReference; lastKnownFileType = file.xib; path = RequiredFlavorCollectionViewCell.xib; sourceTree = "<group>"; };
		F83206A826F61E3700D61711 /* FrontCardCell.swift */ = {isa = PBXFileReference; lastKnownFileType = sourcecode.swift; path = FrontCardCell.swift; sourceTree = "<group>"; };
		F83206A926F61E3700D61711 /* FrontCardCell.xib */ = {isa = PBXFileReference; lastKnownFileType = file.xib; path = FrontCardCell.xib; sourceTree = "<group>"; };
		F84BAF9C26FDB417004CA335 /* CardCreationViewController.swift */ = {isa = PBXFileReference; lastKnownFileType = sourcecode.swift; path = CardCreationViewController.swift; sourceTree = "<group>"; };
		F84BAFAB26FDB543004CA335 /* FrontCardCreationCollectionViewCell.swift */ = {isa = PBXFileReference; lastKnownFileType = sourcecode.swift; path = FrontCardCreationCollectionViewCell.swift; sourceTree = "<group>"; };
		F84BAFAC26FDB543004CA335 /* FrontCardCreationCollectionViewCell.xib */ = {isa = PBXFileReference; lastKnownFileType = file.xib; path = FrontCardCreationCollectionViewCell.xib; sourceTree = "<group>"; };
		F84BAFAF26FDB552004CA335 /* BackCardCreationCollectionViewCell.swift */ = {isa = PBXFileReference; lastKnownFileType = sourcecode.swift; path = BackCardCreationCollectionViewCell.swift; sourceTree = "<group>"; };
		F84BAFB026FDB552004CA335 /* BackCardCreationCollectionViewCell.xib */ = {isa = PBXFileReference; lastKnownFileType = file.xib; path = BackCardCreationCollectionViewCell.xib; sourceTree = "<group>"; };
		F858079C2700354E00872484 /* BackgroundCollectionViewCell.swift */ = {isa = PBXFileReference; lastKnownFileType = sourcecode.swift; path = BackgroundCollectionViewCell.swift; sourceTree = "<group>"; };
		F858079D2700354E00872484 /* BackgroundCollectionViewCell.xib */ = {isa = PBXFileReference; lastKnownFileType = file.xib; path = BackgroundCollectionViewCell.xib; sourceTree = "<group>"; };
		F87122752733046300A24E74 /* Card.swift */ = {isa = PBXFileReference; lastKnownFileType = sourcecode.swift; path = Card.swift; sourceTree = "<group>"; };
		F871227727330A3800A24E74 /* CardCreationRequest.swift */ = {isa = PBXFileReference; lastKnownFileType = sourcecode.swift; path = CardCreationRequest.swift; sourceTree = "<group>"; };
		F8C83FAD272F99940009DF0D /* MoyaLoggerPlugin.swift */ = {isa = PBXFileReference; lastKnownFileType = sourcecode.swift; path = MoyaLoggerPlugin.swift; sourceTree = "<group>"; };
		F8C83FB5272F9E380009DF0D /* UtilService.swift */ = {isa = PBXFileReference; lastKnownFileType = sourcecode.swift; path = UtilService.swift; sourceTree = "<group>"; };
		F8C83FB7272F9E3F0009DF0D /* UtilAPI.swift */ = {isa = PBXFileReference; lastKnownFileType = sourcecode.swift; path = UtilAPI.swift; sourceTree = "<group>"; };
		F8C83FBA272F9F370009DF0D /* NetworkResult.swift */ = {isa = PBXFileReference; lastKnownFileType = sourcecode.swift; path = NetworkResult.swift; sourceTree = "<group>"; };
		F8C83FBC272F9F430009DF0D /* GenericResponse.swift */ = {isa = PBXFileReference; lastKnownFileType = sourcecode.swift; path = GenericResponse.swift; sourceTree = "<group>"; };
		F8C83FBE272FA0670009DF0D /* UserSevice.swift */ = {isa = PBXFileReference; lastKnownFileType = sourcecode.swift; path = UserSevice.swift; sourceTree = "<group>"; };
		F8C83FC0272FA06E0009DF0D /* UserAPI.swift */ = {isa = PBXFileReference; lastKnownFileType = sourcecode.swift; path = UserAPI.swift; sourceTree = "<group>"; };
		F8C83FC2272FA17B0009DF0D /* URL.swift */ = {isa = PBXFileReference; lastKnownFileType = sourcecode.swift; path = URL.swift; sourceTree = "<group>"; };
		F8C83FC4272FA2940009DF0D /* CardAPI.swift */ = {isa = PBXFileReference; lastKnownFileType = sourcecode.swift; path = CardAPI.swift; sourceTree = "<group>"; };
		F8C83FC6272FA2A20009DF0D /* CardService.swift */ = {isa = PBXFileReference; lastKnownFileType = sourcecode.swift; path = CardService.swift; sourceTree = "<group>"; };
		F8C83FC8272FA3190009DF0D /* GroupAPI.swift */ = {isa = PBXFileReference; lastKnownFileType = sourcecode.swift; path = GroupAPI.swift; sourceTree = "<group>"; };
		F8C83FCA272FA32C0009DF0D /* GroupService.swift */ = {isa = PBXFileReference; lastKnownFileType = sourcecode.swift; path = GroupService.swift; sourceTree = "<group>"; };
		F8F5D0A9270800FD00D99D2E /* Xib.swift */ = {isa = PBXFileReference; lastKnownFileType = sourcecode.swift; path = Xib.swift; sourceTree = "<group>"; };
		F8FC438226C01CDD0033E151 /* NADA-iOS-forRelease.app */ = {isa = PBXFileReference; explicitFileType = wrapper.application; includeInIndex = 0; path = "NADA-iOS-forRelease.app"; sourceTree = BUILT_PRODUCTS_DIR; };
		F8FC438526C01CDD0033E151 /* AppDelegate.swift */ = {isa = PBXFileReference; lastKnownFileType = sourcecode.swift; path = AppDelegate.swift; sourceTree = "<group>"; };
		F8FC438726C01CDD0033E151 /* SceneDelegate.swift */ = {isa = PBXFileReference; lastKnownFileType = sourcecode.swift; path = SceneDelegate.swift; sourceTree = "<group>"; };
		F8FC438E26C01CDE0033E151 /* Assets.xcassets */ = {isa = PBXFileReference; lastKnownFileType = folder.assetcatalog; path = Assets.xcassets; sourceTree = "<group>"; };
		F8FC439126C01CDE0033E151 /* Base */ = {isa = PBXFileReference; lastKnownFileType = file.storyboard; name = Base; path = Base.lproj/LaunchScreen.storyboard; sourceTree = "<group>"; };
		F8FC439326C01CDE0033E151 /* Info.plist */ = {isa = PBXFileReference; lastKnownFileType = text.plist.xml; path = Info.plist; sourceTree = "<group>"; };
		F8FC43AC26C020940033E151 /* TempClass.swift */ = {isa = PBXFileReference; lastKnownFileType = sourcecode.swift; path = TempClass.swift; sourceTree = "<group>"; };
		F8FC43B226C020B90033E151 /* TempProtocols.swift */ = {isa = PBXFileReference; lastKnownFileType = sourcecode.swift; path = TempProtocols.swift; sourceTree = "<group>"; };
		F8FC43B426C020C10033E151 /* TempViews.swift */ = {isa = PBXFileReference; lastKnownFileType = sourcecode.swift; path = TempViews.swift; sourceTree = "<group>"; };
		F8FC43B726C0227D0033E151 /* Const.swift */ = {isa = PBXFileReference; lastKnownFileType = sourcecode.swift; path = Const.swift; sourceTree = "<group>"; };
		F8FC43B926C022900033E151 /* ViewController.swift */ = {isa = PBXFileReference; lastKnownFileType = sourcecode.swift; path = ViewController.swift; sourceTree = "<group>"; };
		F8FC43BB26C022A20033E151 /* Storyboard.swift */ = {isa = PBXFileReference; lastKnownFileType = sourcecode.swift; path = Storyboard.swift; sourceTree = "<group>"; };
		F8FC43BE26C025180033E151 /* .swiftlint.yml */ = {isa = PBXFileReference; lastKnownFileType = text.yaml; path = .swiftlint.yml; sourceTree = "<group>"; };
/* End PBXFileReference section */

/* Begin PBXFrameworksBuildPhase section */
		F8FC437F26C01CDD0033E151 /* Frameworks */ = {
			isa = PBXFrameworksBuildPhase;
			buildActionMask = 2147483647;
			files = (
				DBBB91E1639641F40C5B4416 /* Pods_NADA_iOS_forRelease.framework in Frameworks */,
			);
			runOnlyForDeploymentPostprocessing = 0;
		};
/* End PBXFrameworksBuildPhase section */

/* Begin PBXGroup section */
		186051B2C99DBAECC539DAC9 /* Pods */ = {
			isa = PBXGroup;
			children = (
				7F4EE1D042EC783FA8528743 /* Pods-NADA-iOS-forRelease.debug.xcconfig */,
				1E770167DDA25A2CE063AA5C /* Pods-NADA-iOS-forRelease.release.xcconfig */,
			);
			path = Pods;
			sourceTree = "<group>";
		};
		394F314A2708157500C83291 /* Main */ = {
			isa = PBXGroup;
			children = (
				394F314B27081B3A00C83291 /* FrontViewController.swift */,
			);
			path = Main;
			sourceTree = "<group>";
		};
		394F314D27081B4100C83291 /* Main */ = {
			isa = PBXGroup;
			children = (
				394F314E27081B4C00C83291 /* Front.storyboard */,
			);
			path = Main;
			sourceTree = "<group>";
		};
		39523E072701848E00536900 /* CardList */ = {
			isa = PBXGroup;
			children = (
				39523E08270184A700536900 /* CardListViewController.swift */,
			);
			path = CardList;
			sourceTree = "<group>";
		};
		39523E582701A47400536900 /* CardList */ = {
			isa = PBXGroup;
			children = (
				39523E592701A48900536900 /* CardListTableViewCell.swift */,
				39523E5A2701A48900536900 /* CardListTableViewCell.xib */,
			);
			path = CardList;
			sourceTree = "<group>";
		};
		39523E5D2701AA5700536900 /* CardList */ = {
			isa = PBXGroup;
			children = (
				39523E5E2701AA9000536900 /* CardListDataModel.swift */,
			);
			path = CardList;
			sourceTree = "<group>";
		};
		3958F237270FFB8700B100B2 /* Group */ = {
			isa = PBXGroup;
			children = (
				3958F238270FFBBF00B100B2 /* GroupViewController.swift */,
			);
			path = Group;
			sourceTree = "<group>";
		};
		3958F23A270FFBC800B100B2 /* Group */ = {
			isa = PBXGroup;
			children = (
				3958F23B270FFBD500B100B2 /* Group.storyboard */,
			);
			path = Group;
			sourceTree = "<group>";
		};
		3979709426FA0BD8003FB4F5 /* Login */ = {
			isa = PBXGroup;
			children = (
				3979709526FA0BE5003FB4F5 /* LoginViewController.swift */,
			);
			path = Login;
			sourceTree = "<group>";
		};
		399C55D5271191EC00845A54 /* CustomTabBar */ = {
			isa = PBXGroup;
			children = (
				399C55D62711921100845A54 /* CustomTabBarButton.swift */,
				399C55D82711924500845A54 /* CustomTabBar.swift */,
				399C55DC271192D000845A54 /* CustomTabIndicatorView.swift */,
			);
			path = CustomTabBar;
			sourceTree = "<group>";
		};
		399C55E22711C6D500845A54 /* CustomTabBar */ = {
			isa = PBXGroup;
			children = (
				399C55DA2711927900845A54 /* CustomTabBarController.swift */,
			);
			path = CustomTabBar;
			sourceTree = "<group>";
		};
		4D28D444572353D68574D2B0 /* Frameworks */ = {
			isa = PBXGroup;
			children = (
				4A2183AE0E469153221624A0 /* Pods_NADA_iOS_forRelease.framework */,
			);
			name = Frameworks;
			sourceTree = "<group>";
		};
		777FF89927359B1000BF69D3 /* Group */ = {
			isa = PBXGroup;
			children = (
				777FF89A27359B7800BF69D3 /* Groups.swift */,
				777FF89C2735B16B00BF69D3 /* GroupAddRequest.swift */,
				777FF89E27364B7B00BF69D3 /* GroupEditRequest.swift */,
				77AA68E9273E0EC4009C89B0 /* CardAddInGroupRequest.swift */,
				77AA68EB273E202D009C89B0 /* CardListRequest.swift */,
			);
			path = Group;
			sourceTree = "<group>";
		};
		F81171FE27383077002742CF /* Group */ = {
			isa = PBXGroup;
			children = (
				F81171FF27383097002742CF /* ChangeGroupRequest.swift */,
			);
			path = Group;
			sourceTree = "<group>";
		};
		F82FF8222701FFE300E57F8B /* RequiredFlavor */ = {
			isa = PBXGroup;
			children = (
				F82FF8232702000000E57F8B /* RequiredFlavorCollectionViewCell.swift */,
				F82FF8242702000000E57F8B /* RequiredFlavorCollectionViewCell.xib */,
			);
			path = RequiredFlavor;
			sourceTree = "<group>";
		};
		F83206AC26F61E5800D61711 /* CardCell */ = {
			isa = PBXGroup;
			children = (
				F83206A826F61E3700D61711 /* FrontCardCell.swift */,
				F83206A926F61E3700D61711 /* FrontCardCell.xib */,
				39F5A3CE271461EA00191F94 /* BackCardCell.swift */,
				39F5A3CF271461EA00191F94 /* BackCardCell.xib */,
			);
			path = CardCell;
			sourceTree = "<group>";
		};
		F84BAF9E26FDB425004CA335 /* CardCreation */ = {
			isa = PBXGroup;
			children = (
				F82FF81C2701EBCE00E57F8B /* CardCreation.storyboard */,
			);
			path = CardCreation;
			sourceTree = "<group>";
		};
		F84BAFA126FDB4E5004CA335 /* CreationCard */ = {
			isa = PBXGroup;
			children = (
				F82FF8222701FFE300E57F8B /* RequiredFlavor */,
				F858079B2700348000872484 /* Background */,
				F84BAFAB26FDB543004CA335 /* FrontCardCreationCollectionViewCell.swift */,
				F84BAFAC26FDB543004CA335 /* FrontCardCreationCollectionViewCell.xib */,
				F84BAFAF26FDB552004CA335 /* BackCardCreationCollectionViewCell.swift */,
				F84BAFB026FDB552004CA335 /* BackCardCreationCollectionViewCell.xib */,
			);
			path = CreationCard;
			sourceTree = "<group>";
		};
		F84BAFB326FDB8AA004CA335 /* CardCreation */ = {
			isa = PBXGroup;
			children = (
				F84BAF9C26FDB417004CA335 /* CardCreationViewController.swift */,
			);
			path = CardCreation;
			sourceTree = "<group>";
		};
		F857FC8A26C03A5C00A48D01 /* Assets */ = {
			isa = PBXGroup;
			children = (
				F8FC438E26C01CDE0033E151 /* Assets.xcassets */,
				390515B72706CEBB00C5F7A5 /* Colors.xcassets */,
			);
			path = Assets;
			sourceTree = "<group>";
		};
		F858079B2700348000872484 /* Background */ = {
			isa = PBXGroup;
			children = (
				F858079C2700354E00872484 /* BackgroundCollectionViewCell.swift */,
				F858079D2700354E00872484 /* BackgroundCollectionViewCell.xib */,
			);
			path = Background;
			sourceTree = "<group>";
		};
		F87122722733032300A24E74 /* Card */ = {
			isa = PBXGroup;
			children = (
				F87122752733046300A24E74 /* Card.swift */,
				F871227727330A3800A24E74 /* CardCreationRequest.swift */,
			);
			path = Card;
			sourceTree = "<group>";
		};
		F8C83FAC272F998A0009DF0D /* Plugin */ = {
			isa = PBXGroup;
			children = (
				F8C83FAD272F99940009DF0D /* MoyaLoggerPlugin.swift */,
			);
			path = Plugin;
			sourceTree = "<group>";
		};
		F8C83FAF272F9C790009DF0D /* User */ = {
			isa = PBXGroup;
			children = (
				F8C83FC0272FA06E0009DF0D /* UserAPI.swift */,
				F8C83FBE272FA0670009DF0D /* UserSevice.swift */,
			);
			path = User;
			sourceTree = "<group>";
		};
		F8C83FB0272F9CB10009DF0D /* Card */ = {
			isa = PBXGroup;
			children = (
				F8C83FC4272FA2940009DF0D /* CardAPI.swift */,
				F8C83FC6272FA2A20009DF0D /* CardService.swift */,
			);
			path = Card;
			sourceTree = "<group>";
		};
		F8C83FB3272F9CF30009DF0D /* Group */ = {
			isa = PBXGroup;
			children = (
				F8C83FC8272FA3190009DF0D /* GroupAPI.swift */,
				F8C83FCA272FA32C0009DF0D /* GroupService.swift */,
			);
			path = Group;
			sourceTree = "<group>";
		};
		F8C83FB4272F9E250009DF0D /* Util */ = {
			isa = PBXGroup;
			children = (
				F8C83FB7272F9E3F0009DF0D /* UtilAPI.swift */,
				F8C83FB5272F9E380009DF0D /* UtilService.swift */,
			);
			path = Util;
			sourceTree = "<group>";
		};
		F8C83FB9272F9F030009DF0D /* NetworkModel */ = {
			isa = PBXGroup;
			children = (
				F8C83FBA272F9F370009DF0D /* NetworkResult.swift */,
				F8C83FBC272F9F430009DF0D /* GenericResponse.swift */,
				F87122722733032300A24E74 /* Card */,
				777FF89927359B1000BF69D3 /* Group */,
			);
			path = NetworkModel;
			sourceTree = "<group>";
		};
		F8FC437926C01CDD0033E151 = {
			isa = PBXGroup;
			children = (
				F8FC43BE26C025180033E151 /* .swiftlint.yml */,
				F8FC438426C01CDD0033E151 /* NADA-iOS-forRelease */,
				F8FC438326C01CDD0033E151 /* Products */,
				186051B2C99DBAECC539DAC9 /* Pods */,
				4D28D444572353D68574D2B0 /* Frameworks */,
			);
			sourceTree = "<group>";
		};
		F8FC438326C01CDD0033E151 /* Products */ = {
			isa = PBXGroup;
			children = (
				F8FC438226C01CDD0033E151 /* NADA-iOS-forRelease.app */,
			);
			name = Products;
			sourceTree = "<group>";
		};
		F8FC438426C01CDD0033E151 /* NADA-iOS-forRelease */ = {
			isa = PBXGroup;
			children = (
				F8FC439326C01CDE0033E151 /* Info.plist */,
				F8FC439926C01E2B0033E151 /* Resouces */,
				F8FC439A26C01EA90033E151 /* Sources */,
			);
			path = "NADA-iOS-forRelease";
			sourceTree = "<group>";
		};
		F8FC439926C01E2B0033E151 /* Resouces */ = {
			isa = PBXGroup;
			children = (
				F857FC8A26C03A5C00A48D01 /* Assets */,
				F8FC43A326C01F420033E151 /* Constants */,
				F8FC43A426C01F5B0033E151 /* Extensions */,
				F8FC43A226C01F2B0033E151 /* Storyboards */,
			);
			path = Resouces;
			sourceTree = "<group>";
		};
		F8FC439A26C01EA90033E151 /* Sources */ = {
			isa = PBXGroup;
			children = (
				F8FC438526C01CDD0033E151 /* AppDelegate.swift */,
				F8FC438726C01CDD0033E151 /* SceneDelegate.swift */,
				F8FC439B26C01EC30033E151 /* Cells */,
				F8FC439C26C01EC90033E151 /* Classes */,
				F8FC439D26C01EEC0033E151 /* AppModel */,
				F8C83FB9272F9F030009DF0D /* NetworkModel */,
				F81171FE27383077002742CF /* Group */,
				F8FC439E26C01EF70033E151 /* NetworkService */,
				F8FC439F26C01EFC0033E151 /* Protocols */,
				F8FC43A026C01F040033E151 /* ViewControllers */,
				F8FC43A126C01F1F0033E151 /* Views */,
			);
			path = Sources;
			sourceTree = "<group>";
		};
		F8FC439B26C01EC30033E151 /* Cells */ = {
			isa = PBXGroup;
			children = (
				F84BAFA126FDB4E5004CA335 /* CreationCard */,
				39523E582701A47400536900 /* CardList */,
				F83206AC26F61E5800D61711 /* CardCell */,
			);
			path = Cells;
			sourceTree = "<group>";
		};
		F8FC439C26C01EC90033E151 /* Classes */ = {
			isa = PBXGroup;
			children = (
				F8FC43AC26C020940033E151 /* TempClass.swift */,
			);
			path = Classes;
			sourceTree = "<group>";
		};
		F8FC439D26C01EEC0033E151 /* AppModel */ = {
			isa = PBXGroup;
			children = (
				39523E5D2701AA5700536900 /* CardList */,
			);
			path = AppModel;
			sourceTree = "<group>";
		};
		F8FC439E26C01EF70033E151 /* NetworkService */ = {
			isa = PBXGroup;
			children = (
				F8C83FAC272F998A0009DF0D /* Plugin */,
				F8C83FAF272F9C790009DF0D /* User */,
				F8C83FB0272F9CB10009DF0D /* Card */,
				F8C83FB3272F9CF30009DF0D /* Group */,
				F8C83FB4272F9E250009DF0D /* Util */,
			);
			path = NetworkService;
			sourceTree = "<group>";
		};
		F8FC439F26C01EFC0033E151 /* Protocols */ = {
			isa = PBXGroup;
			children = (
				F8FC43B226C020B90033E151 /* TempProtocols.swift */,
			);
			path = Protocols;
			sourceTree = "<group>";
		};
		F8FC43A026C01F040033E151 /* ViewControllers */ = {
			isa = PBXGroup;
			children = (
				399C55E22711C6D500845A54 /* CustomTabBar */,
				3958F237270FFB8700B100B2 /* Group */,
				394F314A2708157500C83291 /* Main */,
				F84BAFB326FDB8AA004CA335 /* CardCreation */,
				39523E072701848E00536900 /* CardList */,
				3979709426FA0BD8003FB4F5 /* Login */,
			);
			path = ViewControllers;
			sourceTree = "<group>";
		};
		F8FC43A126C01F1F0033E151 /* Views */ = {
			isa = PBXGroup;
			children = (
				399C55D5271191EC00845A54 /* CustomTabBar */,
				F8FC43B426C020C10033E151 /* TempViews.swift */,
			);
			path = Views;
			sourceTree = "<group>";
		};
		F8FC43A226C01F2B0033E151 /* Storyboards */ = {
			isa = PBXGroup;
			children = (
				3958F23A270FFBC800B100B2 /* Group */,
				394F314D27081B4100C83291 /* Main */,
				F84BAF9E26FDB425004CA335 /* CardCreation */,
				F8FC439026C01CDE0033E151 /* LaunchScreen.storyboard */,
				3979709726FA0BF0003FB4F5 /* Login.storyboard */,
				39523E0A270184B100536900 /* CardList.storyboard */,
				399C55E02711C21800845A54 /* CustomTabBar.storyboard */,
			);
			path = Storyboards;
			sourceTree = "<group>";
		};
		F8FC43A326C01F420033E151 /* Constants */ = {
			isa = PBXGroup;
			children = (
				F8FC43B726C0227D0033E151 /* Const.swift */,
				F8FC43B926C022900033E151 /* ViewController.swift */,
				F8FC43BB26C022A20033E151 /* Storyboard.swift */,
				F8F5D0A9270800FD00D99D2E /* Xib.swift */,
				F822E7A82709CEB60020452C /* Notification.swift */,
				F8C83FC2272FA17B0009DF0D /* URL.swift */,
			);
			path = Constants;
			sourceTree = "<group>";
		};
		F8FC43A426C01F5B0033E151 /* Extensions */ = {
			isa = PBXGroup;
			children = (
				3909242E26FA15E800236C51 /* UIView+Extension.swift */,
				39488E342706E17200BDC917 /* UIAlertController+Extension.swift */,
				39007F2B27080D8200E7143E /* UIViewController+Extension.swift */,
				39D2E12F270B43DA00AD0889 /* UIFont+Extension.swift */,
				39C1E88E270EC762006D2089 /* UIColor+Extension.swift */,
				399C55DE2711949D00845A54 /* CGPoint+Distance.swift */,
			);
			path = Extensions;
			sourceTree = "<group>";
		};
/* End PBXGroup section */

/* Begin PBXNativeTarget section */
		F8FC438126C01CDD0033E151 /* NADA-iOS-forRelease */ = {
			isa = PBXNativeTarget;
			buildConfigurationList = F8FC439626C01CDE0033E151 /* Build configuration list for PBXNativeTarget "NADA-iOS-forRelease" */;
			buildPhases = (
				651C07EF2315142A685BB6AA /* [CP] Check Pods Manifest.lock */,
				F8FC437E26C01CDD0033E151 /* Sources */,
				F8FC437F26C01CDD0033E151 /* Frameworks */,
				F8FC438026C01CDD0033E151 /* Resources */,
				AF97E239CC02D3189BC80412 /* [CP] Embed Pods Frameworks */,
				F8FC43BD26C0244D0033E151 /* ShellScript */,
			);
			buildRules = (
			);
			dependencies = (
			);
			name = "NADA-iOS-forRelease";
			productName = "NADA-iOS-forRelease";
			productReference = F8FC438226C01CDD0033E151 /* NADA-iOS-forRelease.app */;
			productType = "com.apple.product-type.application";
		};
/* End PBXNativeTarget section */

/* Begin PBXProject section */
		F8FC437A26C01CDD0033E151 /* Project object */ = {
			isa = PBXProject;
			attributes = {
				LastSwiftUpdateCheck = 1250;
				LastUpgradeCheck = 1250;
				TargetAttributes = {
					F8FC438126C01CDD0033E151 = {
						CreatedOnToolsVersion = 12.5.1;
					};
				};
			};
			buildConfigurationList = F8FC437D26C01CDD0033E151 /* Build configuration list for PBXProject "NADA-iOS-forRelease" */;
			compatibilityVersion = "Xcode 9.3";
			developmentRegion = en;
			hasScannedForEncodings = 0;
			knownRegions = (
				en,
				Base,
			);
			mainGroup = F8FC437926C01CDD0033E151;
			productRefGroup = F8FC438326C01CDD0033E151 /* Products */;
			projectDirPath = "";
			projectRoot = "";
			targets = (
				F8FC438126C01CDD0033E151 /* NADA-iOS-forRelease */,
			);
		};
/* End PBXProject section */

/* Begin PBXResourcesBuildPhase section */
		F8FC438026C01CDD0033E151 /* Resources */ = {
			isa = PBXResourcesBuildPhase;
			buildActionMask = 2147483647;
			files = (
				F8FC43BF26C025180033E151 /* .swiftlint.yml in Resources */,
				F82FF8262702000000E57F8B /* RequiredFlavorCollectionViewCell.xib in Resources */,
				F858079F2700354E00872484 /* BackgroundCollectionViewCell.xib in Resources */,
				F84BAFAE26FDB543004CA335 /* FrontCardCreationCollectionViewCell.xib in Resources */,
				3958F23C270FFBD500B100B2 /* Group.storyboard in Resources */,
				F83206AB26F61E3700D61711 /* FrontCardCell.xib in Resources */,
				394F314F27081B4C00C83291 /* Front.storyboard in Resources */,
				3979709826FA0BF0003FB4F5 /* Login.storyboard in Resources */,
				F84BAFB226FDB552004CA335 /* BackCardCreationCollectionViewCell.xib in Resources */,
				39523E5C2701A48900536900 /* CardListTableViewCell.xib in Resources */,
				F8FC439226C01CDE0033E151 /* LaunchScreen.storyboard in Resources */,
				F8FC438F26C01CDE0033E151 /* Assets.xcassets in Resources */,
				39F5A3D1271461EA00191F94 /* BackCardCell.xib in Resources */,
				399C55E12711C21800845A54 /* CustomTabBar.storyboard in Resources */,
				39523E0B270184B100536900 /* CardList.storyboard in Resources */,
				F82FF81D2701EBCE00E57F8B /* CardCreation.storyboard in Resources */,
				390515B82706CEBB00C5F7A5 /* Colors.xcassets in Resources */,
			);
			runOnlyForDeploymentPostprocessing = 0;
		};
/* End PBXResourcesBuildPhase section */

/* Begin PBXShellScriptBuildPhase section */
		651C07EF2315142A685BB6AA /* [CP] Check Pods Manifest.lock */ = {
			isa = PBXShellScriptBuildPhase;
			buildActionMask = 2147483647;
			files = (
			);
			inputFileListPaths = (
			);
			inputPaths = (
				"${PODS_PODFILE_DIR_PATH}/Podfile.lock",
				"${PODS_ROOT}/Manifest.lock",
			);
			name = "[CP] Check Pods Manifest.lock";
			outputFileListPaths = (
			);
			outputPaths = (
				"$(DERIVED_FILE_DIR)/Pods-NADA-iOS-forRelease-checkManifestLockResult.txt",
			);
			runOnlyForDeploymentPostprocessing = 0;
			shellPath = /bin/sh;
			shellScript = "diff \"${PODS_PODFILE_DIR_PATH}/Podfile.lock\" \"${PODS_ROOT}/Manifest.lock\" > /dev/null\nif [ $? != 0 ] ; then\n    # print error to STDERR\n    echo \"error: The sandbox is not in sync with the Podfile.lock. Run 'pod install' or update your CocoaPods installation.\" >&2\n    exit 1\nfi\n# This output is used by Xcode 'outputs' to avoid re-running this script phase.\necho \"SUCCESS\" > \"${SCRIPT_OUTPUT_FILE_0}\"\n";
			showEnvVarsInLog = 0;
		};
		AF97E239CC02D3189BC80412 /* [CP] Embed Pods Frameworks */ = {
			isa = PBXShellScriptBuildPhase;
			buildActionMask = 2147483647;
			files = (
			);
			inputFileListPaths = (
				"${PODS_ROOT}/Target Support Files/Pods-NADA-iOS-forRelease/Pods-NADA-iOS-forRelease-frameworks-${CONFIGURATION}-input-files.xcfilelist",
			);
			name = "[CP] Embed Pods Frameworks";
			outputFileListPaths = (
				"${PODS_ROOT}/Target Support Files/Pods-NADA-iOS-forRelease/Pods-NADA-iOS-forRelease-frameworks-${CONFIGURATION}-output-files.xcfilelist",
			);
			runOnlyForDeploymentPostprocessing = 0;
			shellPath = /bin/sh;
			shellScript = "\"${PODS_ROOT}/Target Support Files/Pods-NADA-iOS-forRelease/Pods-NADA-iOS-forRelease-frameworks.sh\"\n";
			showEnvVarsInLog = 0;
		};
		F8FC43BD26C0244D0033E151 /* ShellScript */ = {
			isa = PBXShellScriptBuildPhase;
			buildActionMask = 2147483647;
			files = (
			);
			inputFileListPaths = (
			);
			inputPaths = (
			);
			outputFileListPaths = (
			);
			outputPaths = (
			);
			runOnlyForDeploymentPostprocessing = 0;
			shellPath = /bin/sh;
			shellScript = "${PODS_ROOT}/SwiftLint/swiftlint\n";
		};
/* End PBXShellScriptBuildPhase section */

/* Begin PBXSourcesBuildPhase section */
		F8FC437E26C01CDD0033E151 /* Sources */ = {
			isa = PBXSourcesBuildPhase;
			buildActionMask = 2147483647;
			files = (
				F87122762733046300A24E74 /* Card.swift in Sources */,
				F84BAF9D26FDB417004CA335 /* CardCreationViewController.swift in Sources */,
				F8C83FCB272FA32C0009DF0D /* GroupService.swift in Sources */,
				F858079E2700354E00872484 /* BackgroundCollectionViewCell.swift in Sources */,
				F8C83FBD272F9F430009DF0D /* GenericResponse.swift in Sources */,
				39007F2C27080D8200E7143E /* UIViewController+Extension.swift in Sources */,
				F8C83FB6272F9E380009DF0D /* UtilService.swift in Sources */,
				3958F239270FFBBF00B100B2 /* GroupViewController.swift in Sources */,
				3909242F26FA15E800236C51 /* UIView+Extension.swift in Sources */,
				39523E09270184A700536900 /* CardListViewController.swift in Sources */,
				777FF89B27359B7800BF69D3 /* Groups.swift in Sources */,
				777FF89F27364B7B00BF69D3 /* GroupEditRequest.swift in Sources */,
				399C55DF2711949D00845A54 /* CGPoint+Distance.swift in Sources */,
				F83206AA26F61E3700D61711 /* FrontCardCell.swift in Sources */,
				3979709626FA0BE5003FB4F5 /* LoginViewController.swift in Sources */,
				39488E352706E17200BDC917 /* UIAlertController+Extension.swift in Sources */,
				F8C83FBF272FA0670009DF0D /* UserSevice.swift in Sources */,
				399C55DB2711927900845A54 /* CustomTabBarController.swift in Sources */,
				39F5A3D0271461EA00191F94 /* BackCardCell.swift in Sources */,
				39C1E88F270EC762006D2089 /* UIColor+Extension.swift in Sources */,
				F8C83FC9272FA3190009DF0D /* GroupAPI.swift in Sources */,
				F8FC43B826C0227D0033E151 /* Const.swift in Sources */,
				394F314C27081B3A00C83291 /* FrontViewController.swift in Sources */,
				777FF89D2735B16B00BF69D3 /* GroupAddRequest.swift in Sources */,
				F8F5D0AA270800FD00D99D2E /* Xib.swift in Sources */,
				F82FF8252702000000E57F8B /* RequiredFlavorCollectionViewCell.swift in Sources */,
				F8C83FC7272FA2A20009DF0D /* CardService.swift in Sources */,
				F871227827330A3800A24E74 /* CardCreationRequest.swift in Sources */,
				F8FC43B326C020B90033E151 /* TempProtocols.swift in Sources */,
				F8FC43B526C020C10033E151 /* TempViews.swift in Sources */,
				F8C83FBB272F9F370009DF0D /* NetworkResult.swift in Sources */,
				39D2E130270B43DA00AD0889 /* UIFont+Extension.swift in Sources */,
				39523E5B2701A48900536900 /* CardListTableViewCell.swift in Sources */,
				399C55D72711921100845A54 /* CustomTabBarButton.swift in Sources */,
				F8FC43BA26C022900033E151 /* ViewController.swift in Sources */,
				39523E5F2701AA9000536900 /* CardListDataModel.swift in Sources */,
				399C55D92711924500845A54 /* CustomTabBar.swift in Sources */,
				F8FC43AD26C020940033E151 /* TempClass.swift in Sources */,
				F84BAFB126FDB552004CA335 /* BackCardCreationCollectionViewCell.swift in Sources */,
				F8FC43BC26C022A20033E151 /* Storyboard.swift in Sources */,
				399C55DD271192D000845A54 /* CustomTabIndicatorView.swift in Sources */,
				F8C83FC1272FA06E0009DF0D /* UserAPI.swift in Sources */,
				F8C83FC3272FA17B0009DF0D /* URL.swift in Sources */,
				77AA68EA273E0EC4009C89B0 /* CardAddInGroupRequest.swift in Sources */,
				F8C83FAE272F99940009DF0D /* MoyaLoggerPlugin.swift in Sources */,
				F84BAFAD26FDB543004CA335 /* FrontCardCreationCollectionViewCell.swift in Sources */,
				F822E7A92709CEB60020452C /* Notification.swift in Sources */,
				77AA68EC273E202D009C89B0 /* CardListRequest.swift in Sources */,
				F8C83FC5272FA2940009DF0D /* CardAPI.swift in Sources */,
				F8FC438626C01CDD0033E151 /* AppDelegate.swift in Sources */,
				F8C83FB8272F9E3F0009DF0D /* UtilAPI.swift in Sources */,
				F8FC438826C01CDD0033E151 /* SceneDelegate.swift in Sources */,
				F811720027383097002742CF /* ChangeGroupRequest.swift in Sources */,
			);
			runOnlyForDeploymentPostprocessing = 0;
		};
/* End PBXSourcesBuildPhase section */

/* Begin PBXVariantGroup section */
		F8FC439026C01CDE0033E151 /* LaunchScreen.storyboard */ = {
			isa = PBXVariantGroup;
			children = (
				F8FC439126C01CDE0033E151 /* Base */,
			);
			name = LaunchScreen.storyboard;
			sourceTree = "<group>";
		};
/* End PBXVariantGroup section */

/* Begin XCBuildConfiguration section */
		F8FC439426C01CDE0033E151 /* Debug */ = {
			isa = XCBuildConfiguration;
			buildSettings = {
				ALWAYS_SEARCH_USER_PATHS = NO;
				CLANG_ANALYZER_NONNULL = YES;
				CLANG_ANALYZER_NUMBER_OBJECT_CONVERSION = YES_AGGRESSIVE;
				CLANG_CXX_LANGUAGE_STANDARD = "gnu++14";
				CLANG_CXX_LIBRARY = "libc++";
				CLANG_ENABLE_MODULES = YES;
				CLANG_ENABLE_OBJC_ARC = YES;
				CLANG_ENABLE_OBJC_WEAK = YES;
				CLANG_WARN_BLOCK_CAPTURE_AUTORELEASING = YES;
				CLANG_WARN_BOOL_CONVERSION = YES;
				CLANG_WARN_COMMA = YES;
				CLANG_WARN_CONSTANT_CONVERSION = YES;
				CLANG_WARN_DEPRECATED_OBJC_IMPLEMENTATIONS = YES;
				CLANG_WARN_DIRECT_OBJC_ISA_USAGE = YES_ERROR;
				CLANG_WARN_DOCUMENTATION_COMMENTS = YES;
				CLANG_WARN_EMPTY_BODY = YES;
				CLANG_WARN_ENUM_CONVERSION = YES;
				CLANG_WARN_INFINITE_RECURSION = YES;
				CLANG_WARN_INT_CONVERSION = YES;
				CLANG_WARN_NON_LITERAL_NULL_CONVERSION = YES;
				CLANG_WARN_OBJC_IMPLICIT_RETAIN_SELF = YES;
				CLANG_WARN_OBJC_LITERAL_CONVERSION = YES;
				CLANG_WARN_OBJC_ROOT_CLASS = YES_ERROR;
				CLANG_WARN_QUOTED_INCLUDE_IN_FRAMEWORK_HEADER = YES;
				CLANG_WARN_RANGE_LOOP_ANALYSIS = YES;
				CLANG_WARN_STRICT_PROTOTYPES = YES;
				CLANG_WARN_SUSPICIOUS_MOVE = YES;
				CLANG_WARN_UNGUARDED_AVAILABILITY = YES_AGGRESSIVE;
				CLANG_WARN_UNREACHABLE_CODE = YES;
				CLANG_WARN__DUPLICATE_METHOD_MATCH = YES;
				COPY_PHASE_STRIP = NO;
				DEBUG_INFORMATION_FORMAT = dwarf;
				ENABLE_STRICT_OBJC_MSGSEND = YES;
				ENABLE_TESTABILITY = YES;
				GCC_C_LANGUAGE_STANDARD = gnu11;
				GCC_DYNAMIC_NO_PIC = NO;
				GCC_NO_COMMON_BLOCKS = YES;
				GCC_OPTIMIZATION_LEVEL = 0;
				GCC_PREPROCESSOR_DEFINITIONS = (
					"DEBUG=1",
					"$(inherited)",
				);
				GCC_WARN_64_TO_32_BIT_CONVERSION = YES;
				GCC_WARN_ABOUT_RETURN_TYPE = YES_ERROR;
				GCC_WARN_UNDECLARED_SELECTOR = YES;
				GCC_WARN_UNINITIALIZED_AUTOS = YES_AGGRESSIVE;
				GCC_WARN_UNUSED_FUNCTION = YES;
				GCC_WARN_UNUSED_VARIABLE = YES;
				IPHONEOS_DEPLOYMENT_TARGET = 14.5;
				MTL_ENABLE_DEBUG_INFO = INCLUDE_SOURCE;
				MTL_FAST_MATH = YES;
				ONLY_ACTIVE_ARCH = YES;
				SDKROOT = iphoneos;
				SWIFT_ACTIVE_COMPILATION_CONDITIONS = DEBUG;
				SWIFT_OPTIMIZATION_LEVEL = "-Onone";
			};
			name = Debug;
		};
		F8FC439526C01CDE0033E151 /* Release */ = {
			isa = XCBuildConfiguration;
			buildSettings = {
				ALWAYS_SEARCH_USER_PATHS = NO;
				CLANG_ANALYZER_NONNULL = YES;
				CLANG_ANALYZER_NUMBER_OBJECT_CONVERSION = YES_AGGRESSIVE;
				CLANG_CXX_LANGUAGE_STANDARD = "gnu++14";
				CLANG_CXX_LIBRARY = "libc++";
				CLANG_ENABLE_MODULES = YES;
				CLANG_ENABLE_OBJC_ARC = YES;
				CLANG_ENABLE_OBJC_WEAK = YES;
				CLANG_WARN_BLOCK_CAPTURE_AUTORELEASING = YES;
				CLANG_WARN_BOOL_CONVERSION = YES;
				CLANG_WARN_COMMA = YES;
				CLANG_WARN_CONSTANT_CONVERSION = YES;
				CLANG_WARN_DEPRECATED_OBJC_IMPLEMENTATIONS = YES;
				CLANG_WARN_DIRECT_OBJC_ISA_USAGE = YES_ERROR;
				CLANG_WARN_DOCUMENTATION_COMMENTS = YES;
				CLANG_WARN_EMPTY_BODY = YES;
				CLANG_WARN_ENUM_CONVERSION = YES;
				CLANG_WARN_INFINITE_RECURSION = YES;
				CLANG_WARN_INT_CONVERSION = YES;
				CLANG_WARN_NON_LITERAL_NULL_CONVERSION = YES;
				CLANG_WARN_OBJC_IMPLICIT_RETAIN_SELF = YES;
				CLANG_WARN_OBJC_LITERAL_CONVERSION = YES;
				CLANG_WARN_OBJC_ROOT_CLASS = YES_ERROR;
				CLANG_WARN_QUOTED_INCLUDE_IN_FRAMEWORK_HEADER = YES;
				CLANG_WARN_RANGE_LOOP_ANALYSIS = YES;
				CLANG_WARN_STRICT_PROTOTYPES = YES;
				CLANG_WARN_SUSPICIOUS_MOVE = YES;
				CLANG_WARN_UNGUARDED_AVAILABILITY = YES_AGGRESSIVE;
				CLANG_WARN_UNREACHABLE_CODE = YES;
				CLANG_WARN__DUPLICATE_METHOD_MATCH = YES;
				COPY_PHASE_STRIP = NO;
				DEBUG_INFORMATION_FORMAT = "dwarf-with-dsym";
				ENABLE_NS_ASSERTIONS = NO;
				ENABLE_STRICT_OBJC_MSGSEND = YES;
				GCC_C_LANGUAGE_STANDARD = gnu11;
				GCC_NO_COMMON_BLOCKS = YES;
				GCC_WARN_64_TO_32_BIT_CONVERSION = YES;
				GCC_WARN_ABOUT_RETURN_TYPE = YES_ERROR;
				GCC_WARN_UNDECLARED_SELECTOR = YES;
				GCC_WARN_UNINITIALIZED_AUTOS = YES_AGGRESSIVE;
				GCC_WARN_UNUSED_FUNCTION = YES;
				GCC_WARN_UNUSED_VARIABLE = YES;
				IPHONEOS_DEPLOYMENT_TARGET = 14.5;
				MTL_ENABLE_DEBUG_INFO = NO;
				MTL_FAST_MATH = YES;
				SDKROOT = iphoneos;
				SWIFT_COMPILATION_MODE = wholemodule;
				SWIFT_OPTIMIZATION_LEVEL = "-O";
				VALIDATE_PRODUCT = YES;
			};
			name = Release;
		};
		F8FC439726C01CDE0033E151 /* Debug */ = {
			isa = XCBuildConfiguration;
			baseConfigurationReference = 7F4EE1D042EC783FA8528743 /* Pods-NADA-iOS-forRelease.debug.xcconfig */;
			buildSettings = {
				ASSETCATALOG_COMPILER_APPICON_NAME = AppIcon;
				ASSETCATALOG_COMPILER_GLOBAL_ACCENT_COLOR_NAME = AccentColor;
				CODE_SIGN_STYLE = Automatic;
				DEVELOPMENT_TEAM = T8C9SSEX5G;
				INFOPLIST_FILE = "NADA-iOS-forRelease/Info.plist";
				LD_RUNPATH_SEARCH_PATHS = (
					"$(inherited)",
					"@executable_path/Frameworks",
				);
				PRODUCT_BUNDLE_IDENTIFIER = "hyun99999.NADA-iOS-forRelease";
				PRODUCT_NAME = "$(TARGET_NAME)";
				SWIFT_VERSION = 5.0;
				TARGETED_DEVICE_FAMILY = "1,2";
			};
			name = Debug;
		};
		F8FC439826C01CDE0033E151 /* Release */ = {
			isa = XCBuildConfiguration;
			baseConfigurationReference = 1E770167DDA25A2CE063AA5C /* Pods-NADA-iOS-forRelease.release.xcconfig */;
			buildSettings = {
				ASSETCATALOG_COMPILER_APPICON_NAME = AppIcon;
				ASSETCATALOG_COMPILER_GLOBAL_ACCENT_COLOR_NAME = AccentColor;
				CODE_SIGN_STYLE = Automatic;
				DEVELOPMENT_TEAM = T8C9SSEX5G;
				INFOPLIST_FILE = "NADA-iOS-forRelease/Info.plist";
				LD_RUNPATH_SEARCH_PATHS = (
					"$(inherited)",
					"@executable_path/Frameworks",
				);
				PRODUCT_BUNDLE_IDENTIFIER = "hyun99999.NADA-iOS-forRelease";
				PRODUCT_NAME = "$(TARGET_NAME)";
				SWIFT_VERSION = 5.0;
				TARGETED_DEVICE_FAMILY = "1,2";
			};
			name = Release;
		};
/* End XCBuildConfiguration section */

/* Begin XCConfigurationList section */
		F8FC437D26C01CDD0033E151 /* Build configuration list for PBXProject "NADA-iOS-forRelease" */ = {
			isa = XCConfigurationList;
			buildConfigurations = (
				F8FC439426C01CDE0033E151 /* Debug */,
				F8FC439526C01CDE0033E151 /* Release */,
			);
			defaultConfigurationIsVisible = 0;
			defaultConfigurationName = Release;
		};
		F8FC439626C01CDE0033E151 /* Build configuration list for PBXNativeTarget "NADA-iOS-forRelease" */ = {
			isa = XCConfigurationList;
			buildConfigurations = (
				F8FC439726C01CDE0033E151 /* Debug */,
				F8FC439826C01CDE0033E151 /* Release */,
			);
			defaultConfigurationIsVisible = 0;
			defaultConfigurationName = Release;
		};
/* End XCConfigurationList section */
	};
	rootObject = F8FC437A26C01CDD0033E151 /* Project object */;
}
